
Microsoft Visual Studio Solution File, Format Version 12.00
# Visual Studio Version 16
VisualStudioVersion = 16.0.30717.126
MinimumVisualStudioVersion = 10.0.40219.1
Project("{9A19103F-16F7-4668-BE54-9A1E7A4F7556}") = "Courses.API", "src\Courses.API\Courses.API.csproj", "{A9135D00-A88B-4391-93A0-42997E3FCF9E}"
EndProject
Project("{2150E333-8FDC-42A3-9474-1A3956D46DE8}") = "src", "src", "{6E70F4EE-B076-4943-A06C-62C9DBCF1312}"
EndProject
Project("{2150E333-8FDC-42A3-9474-1A3956D46DE8}") = "test", "test", "{8494F1DC-81D5-4136-AE95-5F0C4D9B0D93}"
EndProject
Project("{9A19103F-16F7-4668-BE54-9A1E7A4F7556}") = "Courses.Domain", "src\Courses.Domain\Courses.Domain.csproj", "{705A58A6-D045-46AD-8655-FB160AADD099}"
EndProject
Project("{9A19103F-16F7-4668-BE54-9A1E7A4F7556}") = "Courses.Data", "src\Courses.Data\Courses.Data.csproj", "{314B2A77-0846-41C8-9AC0-5C227EB8F674}"
EndProject
Project("{9A19103F-16F7-4668-BE54-9A1E7A4F7556}") = "Courses.Application", "src\Courses.Application\Courses.Application.csproj", "{7143ABD3-EFAB-484A-800E-9DCA32AD73E4}"
EndProject
Project("{9A19103F-16F7-4668-BE54-9A1E7A4F7556}") = "Courses.Unit.Tests", "test\Courses.Unit.Tests\Courses.Unit.Tests.csproj", "{A1F05C85-0261-4F26-A5E1-F2E570DA00CC}"
EndProject
Project("{9A19103F-16F7-4668-BE54-9A1E7A4F7556}") = "Courses.Integration.Tests", "test\Courses.Integration.Tests\Courses.Integration.Tests.csproj", "{BFC75F86-9244-4AA6-A0D8-25D52F08002B}"
EndProject
Global
	GlobalSection(SolutionConfigurationPlatforms) = preSolution
		Debug|Any CPU = Debug|Any CPU
		Release|Any CPU = Release|Any CPU
	EndGlobalSection
	GlobalSection(ProjectConfigurationPlatforms) = postSolution
		{A9135D00-A88B-4391-93A0-42997E3FCF9E}.Debug|Any CPU.ActiveCfg = Debug|Any CPU
		{A9135D00-A88B-4391-93A0-42997E3FCF9E}.Debug|Any CPU.Build.0 = Debug|Any CPU
		{A9135D00-A88B-4391-93A0-42997E3FCF9E}.Release|Any CPU.ActiveCfg = Release|Any CPU
		{A9135D00-A88B-4391-93A0-42997E3FCF9E}.Release|Any CPU.Build.0 = Release|Any CPU
		{705A58A6-D045-46AD-8655-FB160AADD099}.Debug|Any CPU.ActiveCfg = Debug|Any CPU
		{705A58A6-D045-46AD-8655-FB160AADD099}.Debug|Any CPU.Build.0 = Debug|Any CPU
		{705A58A6-D045-46AD-8655-FB160AADD099}.Release|Any CPU.ActiveCfg = Release|Any CPU
		{705A58A6-D045-46AD-8655-FB160AADD099}.Release|Any CPU.Build.0 = Release|Any CPU
		{314B2A77-0846-41C8-9AC0-5C227EB8F674}.Debug|Any CPU.ActiveCfg = Debug|Any CPU
		{314B2A77-0846-41C8-9AC0-5C227EB8F674}.Debug|Any CPU.Build.0 = Debug|Any CPU
		{314B2A77-0846-41C8-9AC0-5C227EB8F674}.Release|Any CPU.ActiveCfg = Release|Any CPU
		{314B2A77-0846-41C8-9AC0-5C227EB8F674}.Release|Any CPU.Build.0 = Release|Any CPU
		{7143ABD3-EFAB-484A-800E-9DCA32AD73E4}.Debug|Any CPU.ActiveCfg = Debug|Any CPU
		{7143ABD3-EFAB-484A-800E-9DCA32AD73E4}.Debug|Any CPU.Build.0 = Debug|Any CPU
		{7143ABD3-EFAB-484A-800E-9DCA32AD73E4}.Release|Any CPU.ActiveCfg = Release|Any CPU
		{7143ABD3-EFAB-484A-800E-9DCA32AD73E4}.Release|Any CPU.Build.0 = Release|Any CPU
		{A1F05C85-0261-4F26-A5E1-F2E570DA00CC}.Debug|Any CPU.ActiveCfg = Debug|Any CPU
		{A1F05C85-0261-4F26-A5E1-F2E570DA00CC}.Debug|Any CPU.Build.0 = Debug|Any CPU
		{A1F05C85-0261-4F26-A5E1-F2E570DA00CC}.Release|Any CPU.ActiveCfg = Release|Any CPU
		{A1F05C85-0261-4F26-A5E1-F2E570DA00CC}.Release|Any CPU.Build.0 = Release|Any CPU
		{BFC75F86-9244-4AA6-A0D8-25D52F08002B}.Debug|Any CPU.ActiveCfg = Debug|Any CPU
		{BFC75F86-9244-4AA6-A0D8-25D52F08002B}.Debug|Any CPU.Build.0 = Debug|Any CPU
		{BFC75F86-9244-4AA6-A0D8-25D52F08002B}.Release|Any CPU.ActiveCfg = Release|Any CPU
		{BFC75F86-9244-4AA6-A0D8-25D52F08002B}.Release|Any CPU.Build.0 = Release|Any CPU
	EndGlobalSection
	GlobalSection(SolutionProperties) = preSolution
		HideSolutionNode = FALSE
	EndGlobalSection
	GlobalSection(NestedProjects) = preSolution
		{A9135D00-A88B-4391-93A0-42997E3FCF9E} = {6E70F4EE-B076-4943-A06C-62C9DBCF1312}
		{705A58A6-D045-46AD-8655-FB160AADD099} = {6E70F4EE-B076-4943-A06C-62C9DBCF1312}
		{314B2A77-0846-41C8-9AC0-5C227EB8F674} = {6E70F4EE-B076-4943-A06C-62C9DBCF1312}
		{7143ABD3-EFAB-484A-800E-9DCA32AD73E4} = {6E70F4EE-B076-4943-A06C-62C9DBCF1312}
		{A1F05C85-0261-4F26-A5E1-F2E570DA00CC} = {8494F1DC-81D5-4136-AE95-5F0C4D9B0D93}
		{BFC75F86-9244-4AA6-A0D8-25D52F08002B} = {8494F1DC-81D5-4136-AE95-5F0C4D9B0D93}
	EndGlobalSection
	GlobalSection(ExtensibilityGlobals) = postSolution
		SolutionGuid = {9B14C57F-EC5D-4D76-90B8-49A970FF061F}
	EndGlobalSection
EndGlobal
